
Microsoft Visual Studio Solution File, Format Version 12.00
# Visual Studio Version 16
VisualStudioVersion = 16.0.30709.132
MinimumVisualStudioVersion = 10.0.40219.1
Project("{8BC9CEB8-8B4A-11D0-8D11-00A0C91BC942}") = "DX12", "DX12\DX12.vcxproj", "{84B7495C-D1C9-4C98-8938-B358CF85159B}"
EndProject
Project("{8BC9CEB8-8B4A-11D0-8D11-00A0C91BC942}") = "Physics", "Physics\Physics.vcxproj", "{92D77D73-1FF1-43BE-9770-872466234C13}"
EndProject
Global
	GlobalSection(SolutionConfigurationPlatforms) = preSolution
		Debug|x64 = Debug|x64
		Debug|x86 = Debug|x86
		Release|x64 = Release|x64
		Release|x86 = Release|x86
	EndGlobalSection
	GlobalSection(ProjectConfigurationPlatforms) = postSolution
		{84B7495C-D1C9-4C98-8938-B358CF85159B}.Debug|x64.ActiveCfg = Debug|x64
		{84B7495C-D1C9-4C98-8938-B358CF85159B}.Debug|x64.Build.0 = Debug|x64
		{84B7495C-D1C9-4C98-8938-B358CF85159B}.Debug|x86.ActiveCfg = Debug|Win32
		{84B7495C-D1C9-4C98-8938-B358CF85159B}.Debug|x86.Build.0 = Debug|Win32
		{84B7495C-D1C9-4C98-8938-B358CF85159B}.Release|x64.ActiveCfg = Release|x64
		{84B7495C-D1C9-4C98-8938-B358CF85159B}.Release|x64.Build.0 = Release|x64
		{84B7495C-D1C9-4C98-8938-B358CF85159B}.Release|x86.ActiveCfg = Release|Win32
		{84B7495C-D1C9-4C98-8938-B358CF85159B}.Release|x86.Build.0 = Release|Win32
		{92D77D73-1FF1-43BE-9770-872466234C13}.Debug|x64.ActiveCfg = Debug|x64
		{92D77D73-1FF1-43BE-9770-872466234C13}.Debug|x64.Build.0 = Debug|x64
		{92D77D73-1FF1-43BE-9770-872466234C13}.Debug|x86.ActiveCfg = Debug|Win32
		{92D77D73-1FF1-43BE-9770-872466234C13}.Debug|x86.Build.0 = Debug|Win32
		{92D77D73-1FF1-43BE-9770-872466234C13}.Release|x64.ActiveCfg = Release|x64
		{92D77D73-1FF1-43BE-9770-872466234C13}.Release|x64.Build.0 = Release|x64
		{92D77D73-1FF1-43BE-9770-872466234C13}.Release|x86.ActiveCfg = Release|Win32
		{92D77D73-1FF1-43BE-9770-872466234C13}.Release|x86.Build.0 = Release|Win32
	EndGlobalSection
	GlobalSection(SolutionProperties) = preSolution
		HideSolutionNode = FALSE
	EndGlobalSection
	GlobalSection(ExtensibilityGlobals) = postSolution
		SolutionGuid = {E5AD7E95-C76C-4381-8C28-4DFC64779F78}
	EndGlobalSection
EndGlobal
